
Microsoft Visual Studio Solution File, Format Version 12.00
# Visual Studio Version 17
VisualStudioVersion = 17.9.34728.123
MinimumVisualStudioVersion = 10.0.40219.1
Project("{FAE04EC0-301F-11D3-BF4B-00C04F79EFBC}") = "Polygon", "Polygon.csproj", "{E289B32A-C8D4-419C-9126-02CBE46224FC}"
EndProject
Global
	GlobalSection(SolutionConfigurationPlatforms) = preSolution
		Debug|Any CPU = Debug|Any CPU
		Release|Any CPU = Release|Any CPU
	EndGlobalSection
	GlobalSection(ProjectConfigurationPlatforms) = postSolution
		{E289B32A-C8D4-419C-9126-02CBE46224FC}.Debug|Any CPU.ActiveCfg = Debug|Any CPU
		{E289B32A-C8D4-419C-9126-02CBE46224FC}.Debug|Any CPU.Build.0 = Debug|Any CPU
		{E289B32A-C8D4-419C-9126-02CBE46224FC}.Release|Any CPU.ActiveCfg = Release|Any CPU
		{E289B32A-C8D4-419C-9126-02CBE46224FC}.Release|Any CPU.Build.0 = Release|Any CPU
	EndGlobalSection
	GlobalSection(SolutionProperties) = preSolution
		HideSolutionNode = FALSE
	EndGlobalSection
	GlobalSection(ExtensibilityGlobals) = postSolution
		SolutionGuid = {C85FAD2D-722A-41EA-868B-52863152047C}
	EndGlobalSection
EndGlobal
